// !$*UTF8*$!
{
	archiveVersion = 1;
	classes = {
	};
	objectVersion = 56;
	objects = {

/* Begin PBXBuildFile section */
		041563EF28E5D865005E2BB8 /* AppDelegate.swift in Sources */ = {isa = PBXBuildFile; fileRef = 041563EE28E5D865005E2BB8 /* AppDelegate.swift */; };
		041563F128E5D865005E2BB8 /* SceneDelegate.swift in Sources */ = {isa = PBXBuildFile; fileRef = 041563F028E5D865005E2BB8 /* SceneDelegate.swift */; };
		041563F328E5D865005E2BB8 /* ViewController.swift in Sources */ = {isa = PBXBuildFile; fileRef = 041563F228E5D865005E2BB8 /* ViewController.swift */; };
		041563F628E5D865005E2BB8 /* Main.storyboard in Resources */ = {isa = PBXBuildFile; fileRef = 041563F428E5D865005E2BB8 /* Main.storyboard */; };
		041563F828E5D867005E2BB8 /* Assets.xcassets in Resources */ = {isa = PBXBuildFile; fileRef = 041563F728E5D867005E2BB8 /* Assets.xcassets */; };
		041563FB28E5D867005E2BB8 /* LaunchScreen.storyboard in Resources */ = {isa = PBXBuildFile; fileRef = 041563F928E5D867005E2BB8 /* LaunchScreen.storyboard */; };
		0415640628E5D868005E2BB8 /* calculatorTests.swift in Sources */ = {isa = PBXBuildFile; fileRef = 0415640528E5D868005E2BB8 /* calculatorTests.swift */; };
		0415641028E5D868005E2BB8 /* calculatorUITests.swift in Sources */ = {isa = PBXBuildFile; fileRef = 0415640F28E5D868005E2BB8 /* calculatorUITests.swift */; };
		0415641228E5D868005E2BB8 /* calculatorUITestsLaunchTests.swift in Sources */ = {isa = PBXBuildFile; fileRef = 0415641128E5D868005E2BB8 /* calculatorUITestsLaunchTests.swift */; };
		0415641F28E5EE8B005E2BB8 /* calculator.swift in Sources */ = {isa = PBXBuildFile; fileRef = 0415641E28E5EE8B005E2BB8 /* calculator.swift */; };
/* End PBXBuildFile section */

/* Begin PBXContainerItemProxy section */
		0415640228E5D868005E2BB8 /* PBXContainerItemProxy */ = {
			isa = PBXContainerItemProxy;
			containerPortal = 041563E328E5D865005E2BB8 /* Project object */;
			proxyType = 1;
			remoteGlobalIDString = 041563EA28E5D865005E2BB8;
			remoteInfo = calculator;
		};
		0415640C28E5D868005E2BB8 /* PBXContainerItemProxy */ = {
			isa = PBXContainerItemProxy;
			containerPortal = 041563E328E5D865005E2BB8 /* Project object */;
			proxyType = 1;
			remoteGlobalIDString = 041563EA28E5D865005E2BB8;
			remoteInfo = calculator;
		};
/* End PBXContainerItemProxy section */

/* Begin PBXFileReference section */
		041563EB28E5D865005E2BB8 /* calculator.app */ = {isa = PBXFileReference; explicitFileType = wrapper.application; includeInIndex = 0; path = calculator.app; sourceTree = BUILT_PRODUCTS_DIR; };
		041563EE28E5D865005E2BB8 /* AppDelegate.swift */ = {isa = PBXFileReference; lastKnownFileType = sourcecode.swift; path = AppDelegate.swift; sourceTree = "<group>"; };
		041563F028E5D865005E2BB8 /* SceneDelegate.swift */ = {isa = PBXFileReference; lastKnownFileType = sourcecode.swift; path = SceneDelegate.swift; sourceTree = "<group>"; };
		041563F228E5D865005E2BB8 /* ViewController.swift */ = {isa = PBXFileReference; lastKnownFileType = sourcecode.swift; path = ViewController.swift; sourceTree = "<group>"; };
		041563F528E5D865005E2BB8 /* Base */ = {isa = PBXFileReference; lastKnownFileType = file.storyboard; name = Base; path = Base.lproj/Main.storyboard; sourceTree = "<group>"; };
		041563F728E5D867005E2BB8 /* Assets.xcassets */ = {isa = PBXFileReference; lastKnownFileType = folder.assetcatalog; path = Assets.xcassets; sourceTree = "<group>"; };
		041563FA28E5D867005E2BB8 /* Base */ = {isa = PBXFileReference; lastKnownFileType = file.storyboard; name = Base; path = Base.lproj/LaunchScreen.storyboard; sourceTree = "<group>"; };
		041563FC28E5D867005E2BB8 /* Info.plist */ = {isa = PBXFileReference; lastKnownFileType = text.plist.xml; path = Info.plist; sourceTree = "<group>"; };
		0415640128E5D868005E2BB8 /* calculatorTests.xctest */ = {isa = PBXFileReference; explicitFileType = wrapper.cfbundle; includeInIndex = 0; path = calculatorTests.xctest; sourceTree = BUILT_PRODUCTS_DIR; };
		0415640528E5D868005E2BB8 /* calculatorTests.swift */ = {isa = PBXFileReference; lastKnownFileType = sourcecode.swift; path = calculatorTests.swift; sourceTree = "<group>"; };
		0415640B28E5D868005E2BB8 /* calculatorUITests.xctest */ = {isa = PBXFileReference; explicitFileType = wrapper.cfbundle; includeInIndex = 0; path = calculatorUITests.xctest; sourceTree = BUILT_PRODUCTS_DIR; };
		0415640F28E5D868005E2BB8 /* calculatorUITests.swift */ = {isa = PBXFileReference; lastKnownFileType = sourcecode.swift; path = calculatorUITests.swift; sourceTree = "<group>"; };
		0415641128E5D868005E2BB8 /* calculatorUITestsLaunchTests.swift */ = {isa = PBXFileReference; lastKnownFileType = sourcecode.swift; path = calculatorUITestsLaunchTests.swift; sourceTree = "<group>"; };
		0415641E28E5EE8B005E2BB8 /* calculator.swift */ = {isa = PBXFileReference; lastKnownFileType = sourcecode.swift; path = calculator.swift; sourceTree = "<group>"; };
/* End PBXFileReference section */

/* Begin PBXFrameworksBuildPhase section */
		041563E828E5D865005E2BB8 /* Frameworks */ = {
			isa = PBXFrameworksBuildPhase;
			buildActionMask = 2147483647;
			files = (
			);
			runOnlyForDeploymentPostprocessing = 0;
		};
		041563FE28E5D868005E2BB8 /* Frameworks */ = {
			isa = PBXFrameworksBuildPhase;
			buildActionMask = 2147483647;
			files = (
			);
			runOnlyForDeploymentPostprocessing = 0;
		};
		0415640828E5D868005E2BB8 /* Frameworks */ = {
			isa = PBXFrameworksBuildPhase;
			buildActionMask = 2147483647;
			files = (
			);
			runOnlyForDeploymentPostprocessing = 0;
		};
/* End PBXFrameworksBuildPhase section */

/* Begin PBXGroup section */
		041563E228E5D865005E2BB8 = {
			isa = PBXGroup;
			children = (
				0415641E28E5EE8B005E2BB8 /* calculator.swift */,
				041563ED28E5D865005E2BB8 /* calculator */,
				0415640428E5D868005E2BB8 /* calculatorTests */,
				0415640E28E5D868005E2BB8 /* calculatorUITests */,
				041563EC28E5D865005E2BB8 /* Products */,
			);
			sourceTree = "<group>";
		};
		041563EC28E5D865005E2BB8 /* Products */ = {
			isa = PBXGroup;
			children = (
				041563EB28E5D865005E2BB8 /* calculator.app */,
				0415640128E5D868005E2BB8 /* calculatorTests.xctest */,
				0415640B28E5D868005E2BB8 /* calculatorUITests.xctest */,
			);
			name = Products;
			sourceTree = "<group>";
		};
		041563ED28E5D865005E2BB8 /* calculator */ = {
			isa = PBXGroup;
			children = (
				041563EE28E5D865005E2BB8 /* AppDelegate.swift */,
				041563F028E5D865005E2BB8 /* SceneDelegate.swift */,
				041563F228E5D865005E2BB8 /* ViewController.swift */,
				041563F428E5D865005E2BB8 /* Main.storyboard */,
				041563F728E5D867005E2BB8 /* Assets.xcassets */,
				041563F928E5D867005E2BB8 /* LaunchScreen.storyboard */,
				041563FC28E5D867005E2BB8 /* Info.plist */,
			);
			path = calculator;
			sourceTree = "<group>";
		};
		0415640428E5D868005E2BB8 /* calculatorTests */ = {
			isa = PBXGroup;
			children = (
				0415640528E5D868005E2BB8 /* calculatorTests.swift */,
			);
			path = calculatorTests;
			sourceTree = "<group>";
		};
		0415640E28E5D868005E2BB8 /* calculatorUITests */ = {
			isa = PBXGroup;
			children = (
				0415640F28E5D868005E2BB8 /* calculatorUITests.swift */,
				0415641128E5D868005E2BB8 /* calculatorUITestsLaunchTests.swift */,
			);
			path = calculatorUITests;
			sourceTree = "<group>";
		};
/* End PBXGroup section */

/* Begin PBXNativeTarget section */
		041563EA28E5D865005E2BB8 /* calculator */ = {
			isa = PBXNativeTarget;
			buildConfigurationList = 0415641528E5D868005E2BB8 /* Build configuration list for PBXNativeTarget "calculator" */;
			buildPhases = (
				041563E728E5D865005E2BB8 /* Sources */,
				041563E828E5D865005E2BB8 /* Frameworks */,
				041563E928E5D865005E2BB8 /* Resources */,
			);
			buildRules = (
			);
			dependencies = (
			);
			name = calculator;
			productName = calculator;
			productReference = 041563EB28E5D865005E2BB8 /* calculator.app */;
			productType = "com.apple.product-type.application";
		};
		0415640028E5D868005E2BB8 /* calculatorTests */ = {
			isa = PBXNativeTarget;
			buildConfigurationList = 0415641828E5D868005E2BB8 /* Build configuration list for PBXNativeTarget "calculatorTests" */;
			buildPhases = (
				041563FD28E5D868005E2BB8 /* Sources */,
				041563FE28E5D868005E2BB8 /* Frameworks */,
				041563FF28E5D868005E2BB8 /* Resources */,
			);
			buildRules = (
			);
			dependencies = (
				0415640328E5D868005E2BB8 /* PBXTargetDependency */,
			);
			name = calculatorTests;
			productName = calculatorTests;
			productReference = 0415640128E5D868005E2BB8 /* calculatorTests.xctest */;
			productType = "com.apple.product-type.bundle.unit-test";
		};
		0415640A28E5D868005E2BB8 /* calculatorUITests */ = {
			isa = PBXNativeTarget;
			buildConfigurationList = 0415641B28E5D868005E2BB8 /* Build configuration list for PBXNativeTarget "calculatorUITests" */;
			buildPhases = (
				0415640728E5D868005E2BB8 /* Sources */,
				0415640828E5D868005E2BB8 /* Frameworks */,
				0415640928E5D868005E2BB8 /* Resources */,
			);
			buildRules = (
			);
			dependencies = (
				0415640D28E5D868005E2BB8 /* PBXTargetDependency */,
			);
			name = calculatorUITests;
			productName = calculatorUITests;
			productReference = 0415640B28E5D868005E2BB8 /* calculatorUITests.xctest */;
			productType = "com.apple.product-type.bundle.ui-testing";
		};
/* End PBXNativeTarget section */

/* Begin PBXProject section */
		041563E328E5D865005E2BB8 /* Project object */ = {
			isa = PBXProject;
			attributes = {
				BuildIndependentTargetsInParallel = 1;
				LastSwiftUpdateCheck = 1400;
				LastUpgradeCheck = 1400;
				TargetAttributes = {
					041563EA28E5D865005E2BB8 = {
						CreatedOnToolsVersion = 14.0.1;
					};
					0415640028E5D868005E2BB8 = {
						CreatedOnToolsVersion = 14.0.1;
						TestTargetID = 041563EA28E5D865005E2BB8;
					};
					0415640A28E5D868005E2BB8 = {
						CreatedOnToolsVersion = 14.0.1;
						TestTargetID = 041563EA28E5D865005E2BB8;
					};
				};
			};
			buildConfigurationList = 041563E628E5D865005E2BB8 /* Build configuration list for PBXProject "calculator" */;
			compatibilityVersion = "Xcode 14.0";
			developmentRegion = en;
			hasScannedForEncodings = 0;
			knownRegions = (
				en,
				Base,
			);
			mainGroup = 041563E228E5D865005E2BB8;
			productRefGroup = 041563EC28E5D865005E2BB8 /* Products */;
			projectDirPath = "";
			projectRoot = "";
			targets = (
				041563EA28E5D865005E2BB8 /* calculator */,
				0415640028E5D868005E2BB8 /* calculatorTests */,
				0415640A28E5D868005E2BB8 /* calculatorUITests */,
			);
		};
/* End PBXProject section */

/* Begin PBXResourcesBuildPhase section */
		041563E928E5D865005E2BB8 /* Resources */ = {
			isa = PBXResourcesBuildPhase;
			buildActionMask = 2147483647;
			files = (
				041563FB28E5D867005E2BB8 /* LaunchScreen.storyboard in Resources */,
				041563F828E5D867005E2BB8 /* Assets.xcassets in Resources */,
				041563F628E5D865005E2BB8 /* Main.storyboard in Resources */,
			);
			runOnlyForDeploymentPostprocessing = 0;
		};
		041563FF28E5D868005E2BB8 /* Resources */ = {
			isa = PBXResourcesBuildPhase;
			buildActionMask = 2147483647;
			files = (
			);
			runOnlyForDeploymentPostprocessing = 0;
		};
		0415640928E5D868005E2BB8 /* Resources */ = {
			isa = PBXResourcesBuildPhase;
			buildActionMask = 2147483647;
			files = (
			);
			runOnlyForDeploymentPostprocessing = 0;
		};
/* End PBXResourcesBuildPhase section */

/* Begin PBXSourcesBuildPhase section */
		041563E728E5D865005E2BB8 /* Sources */ = {
			isa = PBXSourcesBuildPhase;
			buildActionMask = 2147483647;
			files = (
				041563F328E5D865005E2BB8 /* ViewController.swift in Sources */,
				0415641F28E5EE8B005E2BB8 /* calculator.swift in Sources */,
				041563EF28E5D865005E2BB8 /* AppDelegate.swift in Sources */,
				041563F128E5D865005E2BB8 /* SceneDelegate.swift in Sources */,
			);
			runOnlyForDeploymentPostprocessing = 0;
		};
		041563FD28E5D868005E2BB8 /* Sources */ = {
			isa = PBXSourcesBuildPhase;
			buildActionMask = 2147483647;
			files = (
				0415640628E5D868005E2BB8 /* calculatorTests.swift in Sources */,
			);
			runOnlyForDeploymentPostprocessing = 0;
		};
		0415640728E5D868005E2BB8 /* Sources */ = {
			isa = PBXSourcesBuildPhase;
			buildActionMask = 2147483647;
			files = (
				0415641228E5D868005E2BB8 /* calculatorUITestsLaunchTests.swift in Sources */,
				0415641028E5D868005E2BB8 /* calculatorUITests.swift in Sources */,
			);
			runOnlyForDeploymentPostprocessing = 0;
		};
/* End PBXSourcesBuildPhase section */

/* Begin PBXTargetDependency section */
		0415640328E5D868005E2BB8 /* PBXTargetDependency */ = {
			isa = PBXTargetDependency;
			target = 041563EA28E5D865005E2BB8 /* calculator */;
			targetProxy = 0415640228E5D868005E2BB8 /* PBXContainerItemProxy */;
		};
		0415640D28E5D868005E2BB8 /* PBXTargetDependency */ = {
			isa = PBXTargetDependency;
			target = 041563EA28E5D865005E2BB8 /* calculator */;
			targetProxy = 0415640C28E5D868005E2BB8 /* PBXContainerItemProxy */;
		};
/* End PBXTargetDependency section */

/* Begin PBXVariantGroup section */
		041563F428E5D865005E2BB8 /* Main.storyboard */ = {
			isa = PBXVariantGroup;
			children = (
				041563F528E5D865005E2BB8 /* Base */,
			);
			name = Main.storyboard;
			sourceTree = "<group>";
		};
		041563F928E5D867005E2BB8 /* LaunchScreen.storyboard */ = {
			isa = PBXVariantGroup;
			children = (
				041563FA28E5D867005E2BB8 /* Base */,
			);
			name = LaunchScreen.storyboard;
			sourceTree = "<group>";
		};
/* End PBXVariantGroup section */

/* Begin XCBuildConfiguration section */
		0415641328E5D868005E2BB8 /* Debug */ = {
			isa = XCBuildConfiguration;
			buildSettings = {
				ALWAYS_SEARCH_USER_PATHS = NO;
				CLANG_ANALYZER_NONNULL = YES;
				CLANG_ANALYZER_NUMBER_OBJECT_CONVERSION = YES_AGGRESSIVE;
				CLANG_CXX_LANGUAGE_STANDARD = "gnu++20";
				CLANG_ENABLE_MODULES = YES;
				CLANG_ENABLE_OBJC_ARC = YES;
				CLANG_ENABLE_OBJC_WEAK = YES;
				CLANG_WARN_BLOCK_CAPTURE_AUTORELEASING = YES;
				CLANG_WARN_BOOL_CONVERSION = YES;
				CLANG_WARN_COMMA = YES;
				CLANG_WARN_CONSTANT_CONVERSION = YES;
				CLANG_WARN_DEPRECATED_OBJC_IMPLEMENTATIONS = YES;
				CLANG_WARN_DIRECT_OBJC_ISA_USAGE = YES_ERROR;
				CLANG_WARN_DOCUMENTATION_COMMENTS = YES;
				CLANG_WARN_EMPTY_BODY = YES;
				CLANG_WARN_ENUM_CONVERSION = YES;
				CLANG_WARN_INFINITE_RECURSION = YES;
				CLANG_WARN_INT_CONVERSION = YES;
				CLANG_WARN_NON_LITERAL_NULL_CONVERSION = YES;
				CLANG_WARN_OBJC_IMPLICIT_RETAIN_SELF = YES;
				CLANG_WARN_OBJC_LITERAL_CONVERSION = YES;
				CLANG_WARN_OBJC_ROOT_CLASS = YES_ERROR;
				CLANG_WARN_QUOTED_INCLUDE_IN_FRAMEWORK_HEADER = YES;
				CLANG_WARN_RANGE_LOOP_ANALYSIS = YES;
				CLANG_WARN_STRICT_PROTOTYPES = YES;
				CLANG_WARN_SUSPICIOUS_MOVE = YES;
				CLANG_WARN_UNGUARDED_AVAILABILITY = YES_AGGRESSIVE;
				CLANG_WARN_UNREACHABLE_CODE = YES;
				CLANG_WARN__DUPLICATE_METHOD_MATCH = YES;
				COPY_PHASE_STRIP = NO;
				DEBUG_INFORMATION_FORMAT = dwarf;
				ENABLE_STRICT_OBJC_MSGSEND = YES;
				ENABLE_TESTABILITY = YES;
				GCC_C_LANGUAGE_STANDARD = gnu11;
				GCC_DYNAMIC_NO_PIC = NO;
				GCC_NO_COMMON_BLOCKS = YES;
				GCC_OPTIMIZATION_LEVEL = 0;
				GCC_PREPROCESSOR_DEFINITIONS = (
					"DEBUG=1",
					"$(inherited)",
				);
				GCC_WARN_64_TO_32_BIT_CONVERSION = YES;
				GCC_WARN_ABOUT_RETURN_TYPE = YES_ERROR;
				GCC_WARN_UNDECLARED_SELECTOR = YES;
				GCC_WARN_UNINITIALIZED_AUTOS = YES_AGGRESSIVE;
				GCC_WARN_UNUSED_FUNCTION = YES;
				GCC_WARN_UNUSED_VARIABLE = YES;
				IPHONEOS_DEPLOYMENT_TARGET = 16.0;
				MTL_ENABLE_DEBUG_INFO = INCLUDE_SOURCE;
				MTL_FAST_MATH = YES;
				ONLY_ACTIVE_ARCH = YES;
				SDKROOT = iphoneos;
				SWIFT_ACTIVE_COMPILATION_CONDITIONS = DEBUG;
				SWIFT_OPTIMIZATION_LEVEL = "-Onone";
			};
			name = Debug;
		};
		0415641428E5D868005E2BB8 /* Release */ = {
			isa = XCBuildConfiguration;
			buildSettings = {
				ALWAYS_SEARCH_USER_PATHS = NO;
				CLANG_ANALYZER_NONNULL = YES;
				CLANG_ANALYZER_NUMBER_OBJECT_CONVERSION = YES_AGGRESSIVE;
				CLANG_CXX_LANGUAGE_STANDARD = "gnu++20";
				CLANG_ENABLE_MODULES = YES;
				CLANG_ENABLE_OBJC_ARC = YES;
				CLANG_ENABLE_OBJC_WEAK = YES;
				CLANG_WARN_BLOCK_CAPTURE_AUTORELEASING = YES;
				CLANG_WARN_BOOL_CONVERSION = YES;
				CLANG_WARN_COMMA = YES;
				CLANG_WARN_CONSTANT_CONVERSION = YES;
				CLANG_WARN_DEPRECATED_OBJC_IMPLEMENTATIONS = YES;
				CLANG_WARN_DIRECT_OBJC_ISA_USAGE = YES_ERROR;
				CLANG_WARN_DOCUMENTATION_COMMENTS = YES;
				CLANG_WARN_EMPTY_BODY = YES;
				CLANG_WARN_ENUM_CONVERSION = YES;
				CLANG_WARN_INFINITE_RECURSION = YES;
				CLANG_WARN_INT_CONVERSION = YES;
				CLANG_WARN_NON_LITERAL_NULL_CONVERSION = YES;
				CLANG_WARN_OBJC_IMPLICIT_RETAIN_SELF = YES;
				CLANG_WARN_OBJC_LITERAL_CONVERSION = YES;
				CLANG_WARN_OBJC_ROOT_CLASS = YES_ERROR;
				CLANG_WARN_QUOTED_INCLUDE_IN_FRAMEWORK_HEADER = YES;
				CLANG_WARN_RANGE_LOOP_ANALYSIS = YES;
				CLANG_WARN_STRICT_PROTOTYPES = YES;
				CLANG_WARN_SUSPICIOUS_MOVE = YES;
				CLANG_WARN_UNGUARDED_AVAILABILITY = YES_AGGRESSIVE;
				CLANG_WARN_UNREACHABLE_CODE = YES;
				CLANG_WARN__DUPLICATE_METHOD_MATCH = YES;
				COPY_PHASE_STRIP = NO;
				DEBUG_INFORMATION_FORMAT = "dwarf-with-dsym";
				ENABLE_NS_ASSERTIONS = NO;
				ENABLE_STRICT_OBJC_MSGSEND = YES;
				GCC_C_LANGUAGE_STANDARD = gnu11;
				GCC_NO_COMMON_BLOCKS = YES;
				GCC_WARN_64_TO_32_BIT_CONVERSION = YES;
				GCC_WARN_ABOUT_RETURN_TYPE = YES_ERROR;
				GCC_WARN_UNDECLARED_SELECTOR = YES;
				GCC_WARN_UNINITIALIZED_AUTOS = YES_AGGRESSIVE;
				GCC_WARN_UNUSED_FUNCTION = YES;
				GCC_WARN_UNUSED_VARIABLE = YES;
				IPHONEOS_DEPLOYMENT_TARGET = 16.0;
				MTL_ENABLE_DEBUG_INFO = NO;
				MTL_FAST_MATH = YES;
				SDKROOT = iphoneos;
				SWIFT_COMPILATION_MODE = wholemodule;
				SWIFT_OPTIMIZATION_LEVEL = "-O";
				VALIDATE_PRODUCT = YES;
			};
			name = Release;
		};
		0415641628E5D868005E2BB8 /* Debug */ = {
			isa = XCBuildConfiguration;
			buildSettings = {
				ASSETCATALOG_COMPILER_APPICON_NAME = AppIcon;
				ASSETCATALOG_COMPILER_GLOBAL_ACCENT_COLOR_NAME = AccentColor;
				CODE_SIGN_STYLE = Automatic;
				CURRENT_PROJECT_VERSION = 1;
				DEVELOPMENT_TEAM = 8Q9JQZYDCF;
				GENERATE_INFOPLIST_FILE = YES;
				INFOPLIST_FILE = calculator/Info.plist;
				INFOPLIST_KEY_UIApplicationSupportsIndirectInputEvents = YES;
				INFOPLIST_KEY_UILaunchStoryboardName = LaunchScreen;
				INFOPLIST_KEY_UIMainStoryboardFile = Main;
				INFOPLIST_KEY_UISupportedInterfaceOrientations_iPad = "UIInterfaceOrientationPortrait UIInterfaceOrientationPortraitUpsideDown UIInterfaceOrientationLandscapeLeft UIInterfaceOrientationLandscapeRight";
				INFOPLIST_KEY_UISupportedInterfaceOrientations_iPhone = "UIInterfaceOrientationPortrait UIInterfaceOrientationLandscapeLeft UIInterfaceOrientationLandscapeRight";
				LD_RUNPATH_SEARCH_PATHS = (
					"$(inherited)",
					"@executable_path/Frameworks",
				);
				MARKETING_VERSION = 1.0;
				PRODUCT_BUNDLE_IDENTIFIER = ios.calculator;
				PRODUCT_NAME = "$(TARGET_NAME)";
				SWIFT_EMIT_LOC_STRINGS = YES;
				SWIFT_VERSION = 5.0;
				TARGETED_DEVICE_FAMILY = "1,2";
			};
			name = Debug;
		};
		0415641728E5D868005E2BB8 /* Release */ = {
			isa = XCBuildConfiguration;
			buildSettings = {
				ASSETCATALOG_COMPILER_APPICON_NAME = AppIcon;
				ASSETCATALOG_COMPILER_GLOBAL_ACCENT_COLOR_NAME = AccentColor;
				CODE_SIGN_STYLE = Automatic;
				CURRENT_PROJECT_VERSION = 1;
				DEVELOPMENT_TEAM = 8Q9JQZYDCF;
				GENERATE_INFOPLIST_FILE = YES;
				INFOPLIST_FILE = calculator/Info.plist;
				INFOPLIST_KEY_UIApplicationSupportsIndirectInputEvents = YES;
				INFOPLIST_KEY_UILaunchStoryboardName = LaunchScreen;
				INFOPLIST_KEY_UIMainStoryboardFile = Main;
				INFOPLIST_KEY_UISupportedInterfaceOrientations_iPad = "UIInterfaceOrientationPortrait UIInterfaceOrientationPortraitUpsideDown UIInterfaceOrientationLandscapeLeft UIInterfaceOrientationLandscapeRight";
				INFOPLIST_KEY_UISupportedInterfaceOrientations_iPhone = "UIInterfaceOrientationPortrait UIInterfaceOrientationLandscapeLeft UIInterfaceOrientationLandscapeRight";
				LD_RUNPATH_SEARCH_PATHS = (
					"$(inherited)",
					"@executable_path/Frameworks",
				);
				MARKETING_VERSION = 1.0;
				PRODUCT_BUNDLE_IDENTIFIER = ios.calculator;
				PRODUCT_NAME = "$(TARGET_NAME)";
				SWIFT_EMIT_LOC_STRINGS = YES;
				SWIFT_VERSION = 5.0;
				TARGETED_DEVICE_FAMILY = "1,2";
			};
			name = Release;
		};
		0415641928E5D868005E2BB8 /* Debug */ = {
			isa = XCBuildConfiguration;
			buildSettings = {
				ALWAYS_EMBED_SWIFT_STANDARD_LIBRARIES = YES;
				BUNDLE_LOADER = "$(TEST_HOST)";
				CODE_SIGN_STYLE = Automatic;
				CURRENT_PROJECT_VERSION = 1;
				DEVELOPMENT_TEAM = 8Q9JQZYDCF;
				GENERATE_INFOPLIST_FILE = YES;
				IPHONEOS_DEPLOYMENT_TARGET = 16.0;
				MARKETING_VERSION = 1.0;
				PRODUCT_BUNDLE_IDENTIFIER = ios.calculatorTests;
				PRODUCT_NAME = "$(TARGET_NAME)";
				SWIFT_EMIT_LOC_STRINGS = NO;
				SWIFT_VERSION = 5.0;
				TARGETED_DEVICE_FAMILY = "1,2";
				TEST_HOST = "$(BUILT_PRODUCTS_DIR)/calculator.app/$(BUNDLE_EXECUTABLE_FOLDER_PATH)/calculator";
			};
			name = Debug;
		};
		0415641A28E5D868005E2BB8 /* Release */ = {
			isa = XCBuildConfiguration;
			buildSettings = {
				ALWAYS_EMBED_SWIFT_STANDARD_LIBRARIES = YES;
				BUNDLE_LOADER = "$(TEST_HOST)";
				CODE_SIGN_STYLE = Automatic;
				CURRENT_PROJECT_VERSION = 1;
				DEVELOPMENT_TEAM = 8Q9JQZYDCF;
				GENERATE_INFOPLIST_FILE = YES;
				IPHONEOS_DEPLOYMENT_TARGET = 16.0;
				MARKETING_VERSION = 1.0;
				PRODUCT_BUNDLE_IDENTIFIER = ios.calculatorTests;
				PRODUCT_NAME = "$(TARGET_NAME)";
				SWIFT_EMIT_LOC_STRINGS = NO;
				SWIFT_VERSION = 5.0;
				TARGETED_DEVICE_FAMILY = "1,2";
				TEST_HOST = "$(BUILT_PRODUCTS_DIR)/calculator.app/$(BUNDLE_EXECUTABLE_FOLDER_PATH)/calculator";
			};
			name = Release;
		};
		0415641C28E5D868005E2BB8 /* Debug */ = {
			isa = XCBuildConfiguration;
			buildSettings = {
				ALWAYS_EMBED_SWIFT_STANDARD_LIBRARIES = YES;
				CODE_SIGN_STYLE = Automatic;
				CURRENT_PROJECT_VERSION = 1;
				DEVELOPMENT_TEAM = 8Q9JQZYDCF;
				GENERATE_INFOPLIST_FILE = YES;
				MARKETING_VERSION = 1.0;
				PRODUCT_BUNDLE_IDENTIFIER = ios.calculatorUITests;
				PRODUCT_NAME = "$(TARGET_NAME)";
				SWIFT_EMIT_LOC_STRINGS = NO;
				SWIFT_VERSION = 5.0;
				TARGETED_DEVICE_FAMILY = "1,2";
				TEST_TARGET_NAME = calculator;
			};
			name = Debug;
		};
		0415641D28E5D868005E2BB8 /* Release */ = {
			isa = XCBuildConfiguration;
			buildSettings = {
				ALWAYS_EMBED_SWIFT_STANDARD_LIBRARIES = YES;
				CODE_SIGN_STYLE = Automatic;
				CURRENT_PROJECT_VERSION = 1;
				DEVELOPMENT_TEAM = 8Q9JQZYDCF;
				GENERATE_INFOPLIST_FILE = YES;
				MARKETING_VERSION = 1.0;
				PRODUCT_BUNDLE_IDENTIFIER = ios.calculatorUITests;
				PRODUCT_NAME = "$(TARGET_NAME)";
				SWIFT_EMIT_LOC_STRINGS = NO;
				SWIFT_VERSION = 5.0;
				TARGETED_DEVICE_FAMILY = "1,2";
				TEST_TARGET_NAME = calculator;
			};
			name = Release;
		};
/* End XCBuildConfiguration section */

/* Begin XCConfigurationList section */
		041563E628E5D865005E2BB8 /* Build configuration list for PBXProject "calculator" */ = {
			isa = XCConfigurationList;
			buildConfigurations = (
				0415641328E5D868005E2BB8 /* Debug */,
				0415641428E5D868005E2BB8 /* Release */,
			);
			defaultConfigurationIsVisible = 0;
			defaultConfigurationName = Release;
		};
		0415641528E5D868005E2BB8 /* Build configuration list for PBXNativeTarget "calculator" */ = {
			isa = XCConfigurationList;
			buildConfigurations = (
				0415641628E5D868005E2BB8 /* Debug */,
				0415641728E5D868005E2BB8 /* Release */,
			);
			defaultConfigurationIsVisible = 0;
			defaultConfigurationName = Release;
		};
		0415641828E5D868005E2BB8 /* Build configuration list for PBXNativeTarget "calculatorTests" */ = {
			isa = XCConfigurationList;
			buildConfigurations = (
				0415641928E5D868005E2BB8 /* Debug */,
				0415641A28E5D868005E2BB8 /* Release */,
			);
			defaultConfigurationIsVisible = 0;
			defaultConfigurationName = Release;
		};
		0415641B28E5D868005E2BB8 /* Build configuration list for PBXNativeTarget "calculatorUITests" */ = {
			isa = XCConfigurationList;
			buildConfigurations = (
				0415641C28E5D868005E2BB8 /* Debug */,
				0415641D28E5D868005E2BB8 /* Release */,
			);
			defaultConfigurationIsVisible = 0;
			defaultConfigurationName = Release;
		};
/* End XCConfigurationList section */
	};
	rootObject = 041563E328E5D865005E2BB8 /* Project object */;
}
